
Microsoft Visual Studio Solution File, Format Version 12.00
# Visual Studio Version 17
VisualStudioVersion = 17.7.34221.43
MinimumVisualStudioVersion = 10.0.40219.1
Project("{9A19103F-16F7-4668-BE54-9A1E7A4F7556}") = "BLAZOR119234", "BLAZOR119234\BLAZOR119234.csproj", "{3FE832DD-9828-4B9A-982A-1E4B127134E1}"
EndProject
Global
	GlobalSection(SolutionConfigurationPlatforms) = preSolution
		Debug|Any CPU = Debug|Any CPU
		Release|Any CPU = Release|Any CPU
	EndGlobalSection
	GlobalSection(ProjectConfigurationPlatforms) = postSolution
		{3FE832DD-9828-4B9A-982A-1E4B127134E1}.Debug|Any CPU.ActiveCfg = Debug|Any CPU
		{3FE832DD-9828-4B9A-982A-1E4B127134E1}.Debug|Any CPU.Build.0 = Debug|Any CPU
		{3FE832DD-9828-4B9A-982A-1E4B127134E1}.Release|Any CPU.ActiveCfg = Release|Any CPU
		{3FE832DD-9828-4B9A-982A-1E4B127134E1}.Release|Any CPU.Build.0 = Release|Any CPU
	EndGlobalSection
	GlobalSection(SolutionProperties) = preSolution
		HideSolutionNode = FALSE
	EndGlobalSection
	GlobalSection(ExtensibilityGlobals) = postSolution
		SolutionGuid = {23172E24-4CE6-4B5F-B4CE-0F95A4C97B55}
	EndGlobalSection
EndGlobal
